
Microsoft Visual Studio Solution File, Format Version 12.00
# Visual Studio 15
VisualStudioVersion = 15.0.27130.2024
MinimumVisualStudioVersion = 10.0.40219.1
Project("{FAE04EC0-301F-11D3-BF4B-00C04F79EFBC}") = "security_example_basic", "security_example_basic\security_example_basic.csproj", "{21C9D21E-A9FC-4728-82C1-D38BE6B4733A}"
EndProject
Global
	GlobalSection(SolutionConfigurationPlatforms) = preSolution
		Debug|Any CPU = Debug|Any CPU
		Release|Any CPU = Release|Any CPU
	EndGlobalSection
	GlobalSection(ProjectConfigurationPlatforms) = postSolution
		{21C9D21E-A9FC-4728-82C1-D38BE6B4733A}.Debug|Any CPU.ActiveCfg = Debug|Any CPU
		{21C9D21E-A9FC-4728-82C1-D38BE6B4733A}.Debug|Any CPU.Build.0 = Debug|Any CPU
		{21C9D21E-A9FC-4728-82C1-D38BE6B4733A}.Release|Any CPU.ActiveCfg = Release|Any CPU
		{21C9D21E-A9FC-4728-82C1-D38BE6B4733A}.Release|Any CPU.Build.0 = Release|Any CPU
	EndGlobalSection
	GlobalSection(SolutionProperties) = preSolution
		HideSolutionNode = FALSE
	EndGlobalSection
	GlobalSection(ExtensibilityGlobals) = postSolution
		SolutionGuid = {479B8127-D655-4D5E-8161-9DD03098EF70}
	EndGlobalSection
EndGlobal
